// !$*UTF8*$!
{
	archiveVersion = 1;
	classes = {
	};
	objectVersion = 46;
	objects = {

/* Begin PBXBuildFile section */
		CE027D401E87070400D11F54 /* Users.m in Sources */ = {isa = PBXBuildFile; fileRef = CE027D3F1E87070400D11F54 /* Users.m */; };
		CE5DB6631E8001F30055C408 /* ViewControllerProverka.m in Sources */ = {isa = PBXBuildFile; fileRef = CE5DB6621E8001F30055C408 /* ViewControllerProverka.m */; };
		CE6A7E771E7FEB6000A1FEE1 /* main.m in Sources */ = {isa = PBXBuildFile; fileRef = CE6A7E761E7FEB6000A1FEE1 /* main.m */; };
		CE6A7E7A1E7FEB6000A1FEE1 /* AppDelegate.m in Sources */ = {isa = PBXBuildFile; fileRef = CE6A7E791E7FEB6000A1FEE1 /* AppDelegate.m */; };
		CE6A7E7D1E7FEB6000A1FEE1 /* ViewController.m in Sources */ = {isa = PBXBuildFile; fileRef = CE6A7E7C1E7FEB6000A1FEE1 /* ViewController.m */; };
		CE6A7E801E7FEB6000A1FEE1 /* Main.storyboard in Resources */ = {isa = PBXBuildFile; fileRef = CE6A7E7E1E7FEB6000A1FEE1 /* Main.storyboard */; };
		CE6A7E821E7FEB6000A1FEE1 /* Assets.xcassets in Resources */ = {isa = PBXBuildFile; fileRef = CE6A7E811E7FEB6000A1FEE1 /* Assets.xcassets */; };
		CE6A7E851E7FEB6000A1FEE1 /* LaunchScreen.storyboard in Resources */ = {isa = PBXBuildFile; fileRef = CE6A7E831E7FEB6000A1FEE1 /* LaunchScreen.storyboard */; };
		CE6A7E901E7FEB6000A1FEE1 /* ContactsTests.m in Sources */ = {isa = PBXBuildFile; fileRef = CE6A7E8F1E7FEB6000A1FEE1 /* ContactsTests.m */; };
		CE6A7E9B1E7FEB6000A1FEE1 /* ContactsUITests.m in Sources */ = {isa = PBXBuildFile; fileRef = CE6A7E9A1E7FEB6000A1FEE1 /* ContactsUITests.m */; };
/* End PBXBuildFile section */

/* Begin PBXContainerItemProxy section */
		CE6A7E8C1E7FEB6000A1FEE1 /* PBXContainerItemProxy */ = {
			isa = PBXContainerItemProxy;
			containerPortal = CE6A7E6A1E7FEB5F00A1FEE1 /* Project object */;
			proxyType = 1;
			remoteGlobalIDString = CE6A7E711E7FEB6000A1FEE1;
			remoteInfo = Contacts;
		};
		CE6A7E971E7FEB6000A1FEE1 /* PBXContainerItemProxy */ = {
			isa = PBXContainerItemProxy;
			containerPortal = CE6A7E6A1E7FEB5F00A1FEE1 /* Project object */;
			proxyType = 1;
			remoteGlobalIDString = CE6A7E711E7FEB6000A1FEE1;
			remoteInfo = Contacts;
		};
/* End PBXContainerItemProxy section */

/* Begin PBXFileReference section */
		CE027D3E1E87070400D11F54 /* Users.h */ = {isa = PBXFileReference; fileEncoding = 4; lastKnownFileType = sourcecode.c.h; path = Users.h; sourceTree = "<group>"; };
		CE027D3F1E87070400D11F54 /* Users.m */ = {isa = PBXFileReference; fileEncoding = 4; lastKnownFileType = sourcecode.c.objc; path = Users.m; sourceTree = "<group>"; };
		CE5DB6621E8001F30055C408 /* ViewControllerProverka.m */ = {isa = PBXFileReference; fileEncoding = 4; lastKnownFileType = sourcecode.c.objc; path = ViewControllerProverka.m; sourceTree = "<group>"; };
		CE5DB6641E8002440055C408 /* ViewControllerProverka.h */ = {isa = PBXFileReference; lastKnownFileType = sourcecode.c.h; path = ViewControllerProverka.h; sourceTree = "<group>"; };
		CE6A7E721E7FEB6000A1FEE1 /* Contacts.app */ = {isa = PBXFileReference; explicitFileType = wrapper.application; includeInIndex = 0; path = Contacts.app; sourceTree = BUILT_PRODUCTS_DIR; };
		CE6A7E761E7FEB6000A1FEE1 /* main.m */ = {isa = PBXFileReference; lastKnownFileType = sourcecode.c.objc; path = main.m; sourceTree = "<group>"; };
		CE6A7E781E7FEB6000A1FEE1 /* AppDelegate.h */ = {isa = PBXFileReference; lastKnownFileType = sourcecode.c.h; path = AppDelegate.h; sourceTree = "<group>"; };
		CE6A7E791E7FEB6000A1FEE1 /* AppDelegate.m */ = {isa = PBXFileReference; lastKnownFileType = sourcecode.c.objc; path = AppDelegate.m; sourceTree = "<group>"; };
		CE6A7E7B1E7FEB6000A1FEE1 /* ViewController.h */ = {isa = PBXFileReference; lastKnownFileType = sourcecode.c.h; path = ViewController.h; sourceTree = "<group>"; };
		CE6A7E7C1E7FEB6000A1FEE1 /* ViewController.m */ = {isa = PBXFileReference; lastKnownFileType = sourcecode.c.objc; path = ViewController.m; sourceTree = "<group>"; };
		CE6A7E7F1E7FEB6000A1FEE1 /* Base */ = {isa = PBXFileReference; lastKnownFileType = file.storyboard; name = Base; path = Base.lproj/Main.storyboard; sourceTree = "<group>"; };
		CE6A7E811E7FEB6000A1FEE1 /* Assets.xcassets */ = {isa = PBXFileReference; lastKnownFileType = folder.assetcatalog; path = Assets.xcassets; sourceTree = "<group>"; };
		CE6A7E841E7FEB6000A1FEE1 /* Base */ = {isa = PBXFileReference; lastKnownFileType = file.storyboard; name = Base; path = Base.lproj/LaunchScreen.storyboard; sourceTree = "<group>"; };
		CE6A7E861E7FEB6000A1FEE1 /* Info.plist */ = {isa = PBXFileReference; lastKnownFileType = text.plist.xml; path = Info.plist; sourceTree = "<group>"; };
		CE6A7E8B1E7FEB6000A1FEE1 /* ContactsTests.xctest */ = {isa = PBXFileReference; explicitFileType = wrapper.cfbundle; includeInIndex = 0; path = ContactsTests.xctest; sourceTree = BUILT_PRODUCTS_DIR; };
		CE6A7E8F1E7FEB6000A1FEE1 /* ContactsTests.m */ = {isa = PBXFileReference; lastKnownFileType = sourcecode.c.objc; path = ContactsTests.m; sourceTree = "<group>"; };
		CE6A7E911E7FEB6000A1FEE1 /* Info.plist */ = {isa = PBXFileReference; lastKnownFileType = text.plist.xml; path = Info.plist; sourceTree = "<group>"; };
		CE6A7E961E7FEB6000A1FEE1 /* ContactsUITests.xctest */ = {isa = PBXFileReference; explicitFileType = wrapper.cfbundle; includeInIndex = 0; path = ContactsUITests.xctest; sourceTree = BUILT_PRODUCTS_DIR; };
		CE6A7E9A1E7FEB6000A1FEE1 /* ContactsUITests.m */ = {isa = PBXFileReference; lastKnownFileType = sourcecode.c.objc; path = ContactsUITests.m; sourceTree = "<group>"; };
		CE6A7E9C1E7FEB6000A1FEE1 /* Info.plist */ = {isa = PBXFileReference; lastKnownFileType = text.plist.xml; path = Info.plist; sourceTree = "<group>"; };
/* End PBXFileReference section */

/* Begin PBXFrameworksBuildPhase section */
		CE6A7E6F1E7FEB6000A1FEE1 /* Frameworks */ = {
			isa = PBXFrameworksBuildPhase;
			buildActionMask = 2147483647;
			files = (
			);
			runOnlyForDeploymentPostprocessing = 0;
		};
		CE6A7E881E7FEB6000A1FEE1 /* Frameworks */ = {
			isa = PBXFrameworksBuildPhase;
			buildActionMask = 2147483647;
			files = (
			);
			runOnlyForDeploymentPostprocessing = 0;
		};
		CE6A7E931E7FEB6000A1FEE1 /* Frameworks */ = {
			isa = PBXFrameworksBuildPhase;
			buildActionMask = 2147483647;
			files = (
			);
			runOnlyForDeploymentPostprocessing = 0;
		};
/* End PBXFrameworksBuildPhase section */

/* Begin PBXGroup section */
		CE6A7E691E7FEB5F00A1FEE1 = {
			isa = PBXGroup;
			children = (
				CE6A7E741E7FEB6000A1FEE1 /* Contacts */,
				CE6A7E8E1E7FEB6000A1FEE1 /* ContactsTests */,
				CE6A7E991E7FEB6000A1FEE1 /* ContactsUITests */,
				CE6A7E731E7FEB6000A1FEE1 /* Products */,
			);
			sourceTree = "<group>";
		};
		CE6A7E731E7FEB6000A1FEE1 /* Products */ = {
			isa = PBXGroup;
			children = (
				CE6A7E721E7FEB6000A1FEE1 /* Contacts.app */,
				CE6A7E8B1E7FEB6000A1FEE1 /* ContactsTests.xctest */,
				CE6A7E961E7FEB6000A1FEE1 /* ContactsUITests.xctest */,
			);
			name = Products;
			sourceTree = "<group>";
		};
		CE6A7E741E7FEB6000A1FEE1 /* Contacts */ = {
			isa = PBXGroup;
			children = (
				CE6A7E781E7FEB6000A1FEE1 /* AppDelegate.h */,
				CE6A7E791E7FEB6000A1FEE1 /* AppDelegate.m */,
				CE6A7E7B1E7FEB6000A1FEE1 /* ViewController.h */,
				CE6A7E7C1E7FEB6000A1FEE1 /* ViewController.m */,
				CE027D3E1E87070400D11F54 /* Users.h */,
				CE027D3F1E87070400D11F54 /* Users.m */,
				CE5DB6641E8002440055C408 /* ViewControllerProverka.h */,
				CE5DB6621E8001F30055C408 /* ViewControllerProverka.m */,
				CE6A7E7E1E7FEB6000A1FEE1 /* Main.storyboard */,
				CE6A7E811E7FEB6000A1FEE1 /* Assets.xcassets */,
				CE6A7E831E7FEB6000A1FEE1 /* LaunchScreen.storyboard */,
				CE6A7E861E7FEB6000A1FEE1 /* Info.plist */,
				CE6A7E751E7FEB6000A1FEE1 /* Supporting Files */,
			);
			path = Contacts;
			sourceTree = "<group>";
		};
		CE6A7E751E7FEB6000A1FEE1 /* Supporting Files */ = {
			isa = PBXGroup;
			children = (
				CE6A7E761E7FEB6000A1FEE1 /* main.m */,
			);
			name = "Supporting Files";
			sourceTree = "<group>";
		};
		CE6A7E8E1E7FEB6000A1FEE1 /* ContactsTests */ = {
			isa = PBXGroup;
			children = (
				CE6A7E8F1E7FEB6000A1FEE1 /* ContactsTests.m */,
				CE6A7E911E7FEB6000A1FEE1 /* Info.plist */,
			);
			path = ContactsTests;
			sourceTree = "<group>";
		};
		CE6A7E991E7FEB6000A1FEE1 /* ContactsUITests */ = {
			isa = PBXGroup;
			children = (
				CE6A7E9A1E7FEB6000A1FEE1 /* ContactsUITests.m */,
				CE6A7E9C1E7FEB6000A1FEE1 /* Info.plist */,
			);
			path = ContactsUITests;
			sourceTree = "<group>";
		};
/* End PBXGroup section */

/* Begin PBXNativeTarget section */
		CE6A7E711E7FEB6000A1FEE1 /* Contacts */ = {
			isa = PBXNativeTarget;
			buildConfigurationList = CE6A7E9F1E7FEB6000A1FEE1 /* Build configuration list for PBXNativeTarget "Contacts" */;
			buildPhases = (
				CE6A7E6E1E7FEB6000A1FEE1 /* Sources */,
				CE6A7E6F1E7FEB6000A1FEE1 /* Frameworks */,
				CE6A7E701E7FEB6000A1FEE1 /* Resources */,
			);
			buildRules = (
			);
			dependencies = (
			);
			name = Contacts;
			productName = Contacts;
			productReference = CE6A7E721E7FEB6000A1FEE1 /* Contacts.app */;
			productType = "com.apple.product-type.application";
		};
		CE6A7E8A1E7FEB6000A1FEE1 /* ContactsTests */ = {
			isa = PBXNativeTarget;
			buildConfigurationList = CE6A7EA21E7FEB6000A1FEE1 /* Build configuration list for PBXNativeTarget "ContactsTests" */;
			buildPhases = (
				CE6A7E871E7FEB6000A1FEE1 /* Sources */,
				CE6A7E881E7FEB6000A1FEE1 /* Frameworks */,
				CE6A7E891E7FEB6000A1FEE1 /* Resources */,
			);
			buildRules = (
			);
			dependencies = (
				CE6A7E8D1E7FEB6000A1FEE1 /* PBXTargetDependency */,
			);
			name = ContactsTests;
			productName = ContactsTests;
			productReference = CE6A7E8B1E7FEB6000A1FEE1 /* ContactsTests.xctest */;
			productType = "com.apple.product-type.bundle.unit-test";
		};
		CE6A7E951E7FEB6000A1FEE1 /* ContactsUITests */ = {
			isa = PBXNativeTarget;
			buildConfigurationList = CE6A7EA51E7FEB6000A1FEE1 /* Build configuration list for PBXNativeTarget "ContactsUITests" */;
			buildPhases = (
				CE6A7E921E7FEB6000A1FEE1 /* Sources */,
				CE6A7E931E7FEB6000A1FEE1 /* Frameworks */,
				CE6A7E941E7FEB6000A1FEE1 /* Resources */,
			);
			buildRules = (
			);
			dependencies = (
				CE6A7E981E7FEB6000A1FEE1 /* PBXTargetDependency */,
			);
			name = ContactsUITests;
			productName = ContactsUITests;
			productReference = CE6A7E961E7FEB6000A1FEE1 /* ContactsUITests.xctest */;
			productType = "com.apple.product-type.bundle.ui-testing";
		};
/* End PBXNativeTarget section */

/* Begin PBXProject section */
		CE6A7E6A1E7FEB5F00A1FEE1 /* Project object */ = {
			isa = PBXProject;
			attributes = {
				LastUpgradeCheck = 0820;
				ORGANIZATIONNAME = iPodium;
				TargetAttributes = {
					CE6A7E711E7FEB6000A1FEE1 = {
						CreatedOnToolsVersion = 8.2.1;
						DevelopmentTeam = NH45XMU2ZT;
						ProvisioningStyle = Automatic;
					};
					CE6A7E8A1E7FEB6000A1FEE1 = {
						CreatedOnToolsVersion = 8.2.1;
						DevelopmentTeam = NH45XMU2ZT;
						ProvisioningStyle = Automatic;
						TestTargetID = CE6A7E711E7FEB6000A1FEE1;
					};
					CE6A7E951E7FEB6000A1FEE1 = {
						CreatedOnToolsVersion = 8.2.1;
						DevelopmentTeam = NH45XMU2ZT;
						ProvisioningStyle = Automatic;
						TestTargetID = CE6A7E711E7FEB6000A1FEE1;
					};
				};
			};
			buildConfigurationList = CE6A7E6D1E7FEB5F00A1FEE1 /* Build configuration list for PBXProject "Contacts" */;
			compatibilityVersion = "Xcode 3.2";
			developmentRegion = English;
			hasScannedForEncodings = 0;
			knownRegions = (
				en,
				Base,
			);
			mainGroup = CE6A7E691E7FEB5F00A1FEE1;
			productRefGroup = CE6A7E731E7FEB6000A1FEE1 /* Products */;
			projectDirPath = "";
			projectRoot = "";
			targets = (
				CE6A7E711E7FEB6000A1FEE1 /* Contacts */,
				CE6A7E8A1E7FEB6000A1FEE1 /* ContactsTests */,
				CE6A7E951E7FEB6000A1FEE1 /* ContactsUITests */,
			);
		};
/* End PBXProject section */

/* Begin PBXResourcesBuildPhase section */
		CE6A7E701E7FEB6000A1FEE1 /* Resources */ = {
			isa = PBXResourcesBuildPhase;
			buildActionMask = 2147483647;
			files = (
				CE6A7E851E7FEB6000A1FEE1 /* LaunchScreen.storyboard in Resources */,
				CE6A7E821E7FEB6000A1FEE1 /* Assets.xcassets in Resources */,
				CE6A7E801E7FEB6000A1FEE1 /* Main.storyboard in Resources */,
			);
			runOnlyForDeploymentPostprocessing = 0;
		};
		CE6A7E891E7FEB6000A1FEE1 /* Resources */ = {
			isa = PBXResourcesBuildPhase;
			buildActionMask = 2147483647;
			files = (
			);
			runOnlyForDeploymentPostprocessing = 0;
		};
		CE6A7E941E7FEB6000A1FEE1 /* Resources */ = {
			isa = PBXResourcesBuildPhase;
			buildActionMask = 2147483647;
			files = (
			);
			runOnlyForDeploymentPostprocessing = 0;
		};
/* End PBXResourcesBuildPhase section */

/* Begin PBXSourcesBuildPhase section */
		CE6A7E6E1E7FEB6000A1FEE1 /* Sources */ = {
			isa = PBXSourcesBuildPhase;
			buildActionMask = 2147483647;
			files = (
				CE5DB6631E8001F30055C408 /* ViewControllerProverka.m in Sources */,
				CE027D401E87070400D11F54 /* Users.m in Sources */,
				CE6A7E7D1E7FEB6000A1FEE1 /* ViewController.m in Sources */,
				CE6A7E7A1E7FEB6000A1FEE1 /* AppDelegate.m in Sources */,
				CE6A7E771E7FEB6000A1FEE1 /* main.m in Sources */,
			);
			runOnlyForDeploymentPostprocessing = 0;
		};
		CE6A7E871E7FEB6000A1FEE1 /* Sources */ = {
			isa = PBXSourcesBuildPhase;
			buildActionMask = 2147483647;
			files = (
				CE6A7E901E7FEB6000A1FEE1 /* ContactsTests.m in Sources */,
			);
			runOnlyForDeploymentPostprocessing = 0;
		};
		CE6A7E921E7FEB6000A1FEE1 /* Sources */ = {
			isa = PBXSourcesBuildPhase;
			buildActionMask = 2147483647;
			files = (
				CE6A7E9B1E7FEB6000A1FEE1 /* ContactsUITests.m in Sources */,
			);
			runOnlyForDeploymentPostprocessing = 0;
		};
/* End PBXSourcesBuildPhase section */

/* Begin PBXTargetDependency section */
		CE6A7E8D1E7FEB6000A1FEE1 /* PBXTargetDependency */ = {
			isa = PBXTargetDependency;
			target = CE6A7E711E7FEB6000A1FEE1 /* Contacts */;
			targetProxy = CE6A7E8C1E7FEB6000A1FEE1 /* PBXContainerItemProxy */;
		};
		CE6A7E981E7FEB6000A1FEE1 /* PBXTargetDependency */ = {
			isa = PBXTargetDependency;
			target = CE6A7E711E7FEB6000A1FEE1 /* Contacts */;
			targetProxy = CE6A7E971E7FEB6000A1FEE1 /* PBXContainerItemProxy */;
		};
/* End PBXTargetDependency section */

/* Begin PBXVariantGroup section */
		CE6A7E7E1E7FEB6000A1FEE1 /* Main.storyboard */ = {
			isa = PBXVariantGroup;
			children = (
				CE6A7E7F1E7FEB6000A1FEE1 /* Base */,
			);
			name = Main.storyboard;
			sourceTree = "<group>";
		};
		CE6A7E831E7FEB6000A1FEE1 /* LaunchScreen.storyboard */ = {
			isa = PBXVariantGroup;
			children = (
				CE6A7E841E7FEB6000A1FEE1 /* Base */,
			);
			name = LaunchScreen.storyboard;
			sourceTree = "<group>";
		};
/* End PBXVariantGroup section */

/* Begin XCBuildConfiguration section */
		CE6A7E9D1E7FEB6000A1FEE1 /* Debug */ = {
			isa = XCBuildConfiguration;
			buildSettings = {
				ALWAYS_SEARCH_USER_PATHS = NO;
				CLANG_ANALYZER_NONNULL = YES;
				CLANG_CXX_LANGUAGE_STANDARD = "gnu++0x";
				CLANG_CXX_LIBRARY = "libc++";
				CLANG_ENABLE_MODULES = YES;
				CLANG_ENABLE_OBJC_ARC = YES;
				CLANG_WARN_BOOL_CONVERSION = YES;
				CLANG_WARN_CONSTANT_CONVERSION = YES;
				CLANG_WARN_DIRECT_OBJC_ISA_USAGE = YES_ERROR;
				CLANG_WARN_DOCUMENTATION_COMMENTS = YES;
				CLANG_WARN_EMPTY_BODY = YES;
				CLANG_WARN_ENUM_CONVERSION = YES;
				CLANG_WARN_INFINITE_RECURSION = YES;
				CLANG_WARN_INT_CONVERSION = YES;
				CLANG_WARN_OBJC_ROOT_CLASS = YES_ERROR;
				CLANG_WARN_SUSPICIOUS_MOVE = YES;
				CLANG_WARN_UNREACHABLE_CODE = YES;
				CLANG_WARN__DUPLICATE_METHOD_MATCH = YES;
				"CODE_SIGN_IDENTITY[sdk=iphoneos*]" = "iPhone Developer";
				COPY_PHASE_STRIP = NO;
				DEBUG_INFORMATION_FORMAT = dwarf;
				ENABLE_STRICT_OBJC_MSGSEND = YES;
				ENABLE_TESTABILITY = YES;
				GCC_C_LANGUAGE_STANDARD = gnu99;
				GCC_DYNAMIC_NO_PIC = NO;
				GCC_NO_COMMON_BLOCKS = YES;
				GCC_OPTIMIZATION_LEVEL = 0;
				GCC_PREPROCESSOR_DEFINITIONS = (
					"DEBUG=1",
					"$(inherited)",
				);
				GCC_WARN_64_TO_32_BIT_CONVERSION = YES;
				GCC_WARN_ABOUT_RETURN_TYPE = YES_ERROR;
				GCC_WARN_UNDECLARED_SELECTOR = YES;
				GCC_WARN_UNINITIALIZED_AUTOS = YES_AGGRESSIVE;
				GCC_WARN_UNUSED_FUNCTION = YES;
				GCC_WARN_UNUSED_VARIABLE = YES;
				IPHONEOS_DEPLOYMENT_TARGET = 10.2;
				MTL_ENABLE_DEBUG_INFO = YES;
				ONLY_ACTIVE_ARCH = YES;
				SDKROOT = iphoneos;
			};
			name = Debug;
		};
		CE6A7E9E1E7FEB6000A1FEE1 /* Release */ = {
			isa = XCBuildConfiguration;
			buildSettings = {
				ALWAYS_SEARCH_USER_PATHS = NO;
				CLANG_ANALYZER_NONNULL = YES;
				CLANG_CXX_LANGUAGE_STANDARD = "gnu++0x";
				CLANG_CXX_LIBRARY = "libc++";
				CLANG_ENABLE_MODULES = YES;
				CLANG_ENABLE_OBJC_ARC = YES;
				CLANG_WARN_BOOL_CONVERSION = YES;
				CLANG_WARN_CONSTANT_CONVERSION = YES;
				CLANG_WARN_DIRECT_OBJC_ISA_USAGE = YES_ERROR;
				CLANG_WARN_DOCUMENTATION_COMMENTS = YES;
				CLANG_WARN_EMPTY_BODY = YES;
				CLANG_WARN_ENUM_CONVERSION = YES;
				CLANG_WARN_INFINITE_RECURSION = YES;
				CLANG_WARN_INT_CONVERSION = YES;
				CLANG_WARN_OBJC_ROOT_CLASS = YES_ERROR;
				CLANG_WARN_SUSPICIOUS_MOVE = YES;
				CLANG_WARN_UNREACHABLE_CODE = YES;
				CLANG_WARN__DUPLICATE_METHOD_MATCH = YES;
				"CODE_SIGN_IDENTITY[sdk=iphoneos*]" = "iPhone Developer";
				COPY_PHASE_STRIP = NO;
				DEBUG_INFORMATION_FORMAT = "dwarf-with-dsym";
				ENABLE_NS_ASSERTIONS = NO;
				ENABLE_STRICT_OBJC_MSGSEND = YES;
				GCC_C_LANGUAGE_STANDARD = gnu99;
				GCC_NO_COMMON_BLOCKS = YES;
				GCC_WARN_64_TO_32_BIT_CONVERSION = YES;
				GCC_WARN_ABOUT_RETURN_TYPE = YES_ERROR;
				GCC_WARN_UNDECLARED_SELECTOR = YES;
				GCC_WARN_UNINITIALIZED_AUTOS = YES_AGGRESSIVE;
				GCC_WARN_UNUSED_FUNCTION = YES;
				GCC_WARN_UNUSED_VARIABLE = YES;
				IPHONEOS_DEPLOYMENT_TARGET = 10.2;
				MTL_ENABLE_DEBUG_INFO = NO;
				SDKROOT = iphoneos;
				VALIDATE_PRODUCT = YES;
			};
			name = Release;
		};
		CE6A7EA01E7FEB6000A1FEE1 /* Debug */ = {
			isa = XCBuildConfiguration;
			buildSettings = {
				ASSETCATALOG_COMPILER_APPICON_NAME = AppIcon;
				DEVELOPMENT_TEAM = NH45XMU2ZT;
				INFOPLIST_FILE = Contacts/Info.plist;
				LD_RUNPATH_SEARCH_PATHS = "$(inherited) @executable_path/Frameworks";
				PRODUCT_BUNDLE_IDENTIFIER = IP.Contacts;
				PRODUCT_NAME = "$(TARGET_NAME)";
			};
			name = Debug;
		};
		CE6A7EA11E7FEB6000A1FEE1 /* Release */ = {
			isa = XCBuildConfiguration;
			buildSettings = {
				ASSETCATALOG_COMPILER_APPICON_NAME = AppIcon;
				DEVELOPMENT_TEAM = NH45XMU2ZT;
				INFOPLIST_FILE = Contacts/Info.plist;
				LD_RUNPATH_SEARCH_PATHS = "$(inherited) @executable_path/Frameworks";
				PRODUCT_BUNDLE_IDENTIFIER = IP.Contacts;
				PRODUCT_NAME = "$(TARGET_NAME)";
			};
			name = Release;
		};
		CE6A7EA31E7FEB6000A1FEE1 /* Debug */ = {
			isa = XCBuildConfiguration;
			buildSettings = {
				BUNDLE_LOADER = "$(TEST_HOST)";
				DEVELOPMENT_TEAM = NH45XMU2ZT;
				INFOPLIST_FILE = ContactsTests/Info.plist;
				LD_RUNPATH_SEARCH_PATHS = "$(inherited) @executable_path/Frameworks @loader_path/Frameworks";
				PRODUCT_BUNDLE_IDENTIFIER = IP.ContactsTests;
				PRODUCT_NAME = "$(TARGET_NAME)";
				TEST_HOST = "$(BUILT_PRODUCTS_DIR)/Contacts.app/Contacts";
			};
			name = Debug;
		};
		CE6A7EA41E7FEB6000A1FEE1 /* Release */ = {
			isa = XCBuildConfiguration;
			buildSettings = {
				BUNDLE_LOADER = "$(TEST_HOST)";
				DEVELOPMENT_TEAM = NH45XMU2ZT;
				INFOPLIST_FILE = ContactsTests/Info.plist;
				LD_RUNPATH_SEARCH_PATHS = "$(inherited) @executable_path/Frameworks @loader_path/Frameworks";
				PRODUCT_BUNDLE_IDENTIFIER = IP.ContactsTests;
				PRODUCT_NAME = "$(TARGET_NAME)";
				TEST_HOST = "$(BUILT_PRODUCTS_DIR)/Contacts.app/Contacts";
			};
			name = Release;
		};
		CE6A7EA61E7FEB6000A1FEE1 /* Debug */ = {
			isa = XCBuildConfiguration;
			buildSettings = {
				DEVELOPMENT_TEAM = NH45XMU2ZT;
				INFOPLIST_FILE = ContactsUITests/Info.plist;
				LD_RUNPATH_SEARCH_PATHS = "$(inherited) @executable_path/Frameworks @loader_path/Frameworks";
				PRODUCT_BUNDLE_IDENTIFIER = IP.ContactsUITests;
				PRODUCT_NAME = "$(TARGET_NAME)";
				TEST_TARGET_NAME = Contacts;
			};
			name = Debug;
		};
		CE6A7EA71E7FEB6000A1FEE1 /* Release */ = {
			isa = XCBuildConfiguration;
			buildSettings = {
				DEVELOPMENT_TEAM = NH45XMU2ZT;
				INFOPLIST_FILE = ContactsUITests/Info.plist;
				LD_RUNPATH_SEARCH_PATHS = "$(inherited) @executable_path/Frameworks @loader_path/Frameworks";
				PRODUCT_BUNDLE_IDENTIFIER = IP.ContactsUITests;
				PRODUCT_NAME = "$(TARGET_NAME)";
				TEST_TARGET_NAME = Contacts;
			};
			name = Release;
		};
/* End XCBuildConfiguration section */

/* Begin XCConfigurationList section */
		CE6A7E6D1E7FEB5F00A1FEE1 /* Build configuration list for PBXProject "Contacts" */ = {
			isa = XCConfigurationList;
			buildConfigurations = (
				CE6A7E9D1E7FEB6000A1FEE1 /* Debug */,
				CE6A7E9E1E7FEB6000A1FEE1 /* Release */,
			);
			defaultConfigurationIsVisible = 0;
			defaultConfigurationName = Release;
		};
		CE6A7E9F1E7FEB6000A1FEE1 /* Build configuration list for PBXNativeTarget "Contacts" */ = {
			isa = XCConfigurationList;
			buildConfigurations = (
				CE6A7EA01E7FEB6000A1FEE1 /* Debug */,
				CE6A7EA11E7FEB6000A1FEE1 /* Release */,
			);
			defaultConfigurationIsVisible = 0;
			defaultConfigurationName = Release;
		};
		CE6A7EA21E7FEB6000A1FEE1 /* Build configuration list for PBXNativeTarget "ContactsTests" */ = {
			isa = XCConfigurationList;
			buildConfigurations = (
				CE6A7EA31E7FEB6000A1FEE1 /* Debug */,
				CE6A7EA41E7FEB6000A1FEE1 /* Release */,
			);
			defaultConfigurationIsVisible = 0;
			defaultConfigurationName = Release;
		};
		CE6A7EA51E7FEB6000A1FEE1 /* Build configuration list for PBXNativeTarget "ContactsUITests" */ = {
			isa = XCConfigurationList;
			buildConfigurations = (
				CE6A7EA61E7FEB6000A1FEE1 /* Debug */,
				CE6A7EA71E7FEB6000A1FEE1 /* Release */,
			);
			defaultConfigurationIsVisible = 0;
			defaultConfigurationName = Release;
		};
/* End XCConfigurationList section */
	};
	rootObject = CE6A7E6A1E7FEB5F00A1FEE1 /* Project object */;
}
